
Microsoft Visual Studio Solution File, Format Version 12.00
# Visual Studio Version 16
VisualStudioVersion = 16.0.28803.202
MinimumVisualStudioVersion = 10.0.40219.1
Project("{9A19103F-16F7-4668-BE54-9A1E7A4F7556}") = "ComplaintTracking", "ComplaintTracking\ComplaintTracking.csproj", "{38CCD559-B7D0-4703-8334-6CA2E7C676D0}"
EndProject
Global
	GlobalSection(SolutionConfigurationPlatforms) = preSolution
		Debug|Any CPU = Debug|Any CPU
		Release|Any CPU = Release|Any CPU
		Staging|Any CPU = Staging|Any CPU
	EndGlobalSection
	GlobalSection(ProjectConfigurationPlatforms) = postSolution
		{38CCD559-B7D0-4703-8334-6CA2E7C676D0}.Debug|Any CPU.ActiveCfg = Debug|Any CPU
		{38CCD559-B7D0-4703-8334-6CA2E7C676D0}.Debug|Any CPU.Build.0 = Debug|Any CPU
		{38CCD559-B7D0-4703-8334-6CA2E7C676D0}.Release|Any CPU.ActiveCfg = Release|Any CPU
		{38CCD559-B7D0-4703-8334-6CA2E7C676D0}.Release|Any CPU.Build.0 = Release|Any CPU
		{38CCD559-B7D0-4703-8334-6CA2E7C676D0}.Staging|Any CPU.ActiveCfg = Release|Any CPU
		{38CCD559-B7D0-4703-8334-6CA2E7C676D0}.Staging|Any CPU.Build.0 = Release|Any CPU
	EndGlobalSection
	GlobalSection(SolutionProperties) = preSolution
		HideSolutionNode = FALSE
	EndGlobalSection
	GlobalSection(ExtensibilityGlobals) = postSolution
		SolutionGuid = {F6A795BC-2453-4D67-A6CD-F77834C08671}
	EndGlobalSection
EndGlobal
